
Microsoft Visual Studio Solution File, Format Version 12.00
# Visual Studio Version 17
VisualStudioVersion = 17.12.35323.107
MinimumVisualStudioVersion = 10.0.40219.1
Project("{FAE04EC0-301F-11D3-BF4B-00C04F79EFBC}") = "RM", "RM\RM.csproj", "{34E0DCF5-1EB5-4AE3-917A-60048D2960BF}"
EndProject
Global
	GlobalSection(SolutionConfigurationPlatforms) = preSolution
		Debug|Any CPU = Debug|Any CPU
		Release|Any CPU = Release|Any CPU
	EndGlobalSection
	GlobalSection(ProjectConfigurationPlatforms) = postSolution
		{34E0DCF5-1EB5-4AE3-917A-60048D2960BF}.Debug|Any CPU.ActiveCfg = Debug|Any CPU
		{34E0DCF5-1EB5-4AE3-917A-60048D2960BF}.Debug|Any CPU.Build.0 = Debug|Any CPU
		{34E0DCF5-1EB5-4AE3-917A-60048D2960BF}.Release|Any CPU.ActiveCfg = Release|Any CPU
		{34E0DCF5-1EB5-4AE3-917A-60048D2960BF}.Release|Any CPU.Build.0 = Release|Any CPU
	EndGlobalSection
	GlobalSection(SolutionProperties) = preSolution
		HideSolutionNode = FALSE
	EndGlobalSection
	GlobalSection(ExtensibilityGlobals) = postSolution
		SolutionGuid = {5D00FC13-836F-490E-9B28-CAA4F54C3C2C}
	EndGlobalSection
EndGlobal
